
Microsoft Visual Studio Solution File, Format Version 12.00
# Visual Studio Version 16
VisualStudioVersion = 16.0.29418.71
MinimumVisualStudioVersion = 10.0.40219.1
Project("{FAE04EC0-301F-11D3-BF4B-00C04F79EFBC}") = "PrinterConsole", "PrinterConsole\PrinterConsole.csproj", "{60BF6822-C181-4ED7-965C-6888741C9D1D}"
EndProject
Global
	GlobalSection(SolutionConfigurationPlatforms) = preSolution
		Debug|Any CPU = Debug|Any CPU
		Release|Any CPU = Release|Any CPU
	EndGlobalSection
	GlobalSection(ProjectConfigurationPlatforms) = postSolution
		{60BF6822-C181-4ED7-965C-6888741C9D1D}.Debug|Any CPU.ActiveCfg = Debug|Any CPU
		{60BF6822-C181-4ED7-965C-6888741C9D1D}.Debug|Any CPU.Build.0 = Debug|Any CPU
		{60BF6822-C181-4ED7-965C-6888741C9D1D}.Release|Any CPU.ActiveCfg = Release|Any CPU
		{60BF6822-C181-4ED7-965C-6888741C9D1D}.Release|Any CPU.Build.0 = Release|Any CPU
	EndGlobalSection
	GlobalSection(SolutionProperties) = preSolution
		HideSolutionNode = FALSE
	EndGlobalSection
	GlobalSection(ExtensibilityGlobals) = postSolution
		SolutionGuid = {5CB538ED-60EE-4C9F-99C3-E5AFED230A9F}
	EndGlobalSection
EndGlobal
